# This file is automatically @generated by Cargo.
# It is not intended for manual editing.
version = 3

[[package]]
name = "ahash"
version = "0.7.6"
source = "registry+https://github.com/rust-lang/crates.io-index"
checksum = "fcb51a0695d8f838b1ee009b3fbf66bda078cd64590202a864a8f3e8c4315c47"
dependencies = [
 "getrandom",
 "once_cell",
 "version_check",
]

[[package]]
name = "anyhow"
version = "1.0.44"
source = "registry+https://github.com/rust-lang/crates.io-index"
checksum = "61604a8f862e1d5c3229fdd78f8b02c68dcf73a4c4b05fd636d12240aaa242c1"

[[package]]
name = "arrayvec"
version = "0.7.2"
source = "registry+https://github.com/rust-lang/crates.io-index"
checksum = "8da52d66c7071e2e3fa2a1e5c6d088fec47b593032b254f5e980de8ea54454d6"

[[package]]
name = "async-mutex"
version = "1.4.0"
source = "registry+https://github.com/rust-lang/crates.io-index"
checksum = "479db852db25d9dbf6204e6cb6253698f175c15726470f78af0d918e99d6156e"
dependencies = [
 "event-listener",
]

[[package]]
name = "async-rwlock"
version = "1.3.0"
source = "registry+https://github.com/rust-lang/crates.io-index"
checksum = "261803dcc39ba9e72760ba6e16d0199b1eef9fc44e81bffabbebb9f5aea3906c"
dependencies = [
 "async-mutex",
 "event-listener",
]

[[package]]
name = "async-trait"
version = "0.1.51"
source = "registry+https://github.com/rust-lang/crates.io-index"
checksum = "44318e776df68115a881de9a8fd1b9e53368d7a4a5ce4cc48517da3393233a5e"
dependencies = [
 "proc-macro2",
 "quote",
 "syn",
]

[[package]]
name = "autocfg"
version = "1.0.1"
source = "registry+https://github.com/rust-lang/crates.io-index"
checksum = "cdb031dd78e28731d87d56cc8ffef4a8f36ca26c38fe2de700543e627f8a464a"

[[package]]
name = "bitflags"
version = "1.3.2"
source = "registry+https://github.com/rust-lang/crates.io-index"
checksum = "bef38d45163c2f1dde094a7dfd33ccf595c92905c8f8f4fdc18d06fb1037718a"

[[package]]
name = "cached"
version = "0.26.2"
source = "registry+https://github.com/rust-lang/crates.io-index"
checksum = "c2bc2fd249a24a9cdd4276f3a3e0461713271ab63b0e9e656e200e8e21c8c927"
dependencies = [
 "async-mutex",
 "async-rwlock",
 "async-trait",
 "cached_proc_macro",
 "cached_proc_macro_types",
 "futures",
 "hashbrown",
 "once_cell",
]

[[package]]
name = "cached_proc_macro"
version = "0.7.1"
source = "registry+https://github.com/rust-lang/crates.io-index"
checksum = "ac3531903b39df48a378a7ed515baee7c1fff32488489c7d0725eb1749b22a91"
dependencies = [
 "cached_proc_macro_types",
 "darling",
 "quote",
 "syn",
]

[[package]]
name = "cached_proc_macro_types"
version = "0.1.0"
source = "registry+https://github.com/rust-lang/crates.io-index"
checksum = "3a4f925191b4367301851c6d99b09890311d74b0d43f274c0b34c86d308a3663"

[[package]]
name = "cfg-if"
version = "1.0.0"
source = "registry+https://github.com/rust-lang/crates.io-index"
checksum = "baf1de4339761588bc0619e3cbc0120ee582ebb74b53b4efbf79117bd2da40fd"

[[package]]
name = "darling"
version = "0.13.0"
source = "registry+https://github.com/rust-lang/crates.io-index"
checksum = "757c0ded2af11d8e739c4daea1ac623dd1624b06c844cf3f5a39f1bdbd99bb12"
dependencies = [
 "darling_core",
 "darling_macro",
]

[[package]]
name = "darling_core"
version = "0.13.0"
source = "registry+https://github.com/rust-lang/crates.io-index"
checksum = "2c34d8efb62d0c2d7f60ece80f75e5c63c1588ba68032740494b0b9a996466e3"
dependencies = [
 "fnv",
 "ident_case",
 "proc-macro2",
 "quote",
 "strsim",
 "syn",
]

[[package]]
name = "darling_macro"
version = "0.13.0"
source = "registry+https://github.com/rust-lang/crates.io-index"
checksum = "ade7bff147130fe5e6d39f089c6bd49ec0250f35d70b2eebf72afdfc919f15cc"
dependencies = [
 "darling_core",
 "quote",
 "syn",
]

[[package]]
name = "event-listener"
version = "2.5.1"
source = "registry+https://github.com/rust-lang/crates.io-index"
checksum = "f7531096570974c3a9dcf9e4b8e1cede1ec26cf5046219fb3b9d897503b9be59"

[[package]]
name = "fallible-iterator"
version = "0.2.0"
source = "registry+https://github.com/rust-lang/crates.io-index"
checksum = "4443176a9f2c162692bd3d352d745ef9413eec5782a80d8fd6f8a1ac692a07f7"

[[package]]
name = "fallible-streaming-iterator"
version = "0.1.9"
source = "registry+https://github.com/rust-lang/crates.io-index"
checksum = "7360491ce676a36bf9bb3c56c1aa791658183a54d2744120f27285738d90465a"

[[package]]
name = "fnv"
version = "1.0.7"
source = "registry+https://github.com/rust-lang/crates.io-index"
checksum = "3f9eec918d3f24069decb9af1554cad7c880e2da24a9afd88aca000531ab82c1"

[[package]]
name = "futures"
version = "0.3.17"
source = "registry+https://github.com/rust-lang/crates.io-index"
checksum = "a12aa0eb539080d55c3f2d45a67c3b58b6b0773c1a3ca2dfec66d58c97fd66ca"
dependencies = [
 "futures-channel",
 "futures-core",
 "futures-executor",
 "futures-io",
 "futures-sink",
 "futures-task",
 "futures-util",
]

[[package]]
name = "futures-channel"
version = "0.3.17"
source = "registry+https://github.com/rust-lang/crates.io-index"
checksum = "5da6ba8c3bb3c165d3c7319fc1cc8304facf1fb8db99c5de877183c08a273888"
dependencies = [
 "futures-core",
 "futures-sink",
]

[[package]]
name = "futures-core"
version = "0.3.17"
source = "registry+https://github.com/rust-lang/crates.io-index"
checksum = "88d1c26957f23603395cd326b0ffe64124b818f4449552f960d815cfba83a53d"

[[package]]
name = "futures-executor"
version = "0.3.17"
source = "registry+https://github.com/rust-lang/crates.io-index"
checksum = "45025be030969d763025784f7f355043dc6bc74093e4ecc5000ca4dc50d8745c"
dependencies = [
 "futures-core",
 "futures-task",
 "futures-util",
]

[[package]]
name = "futures-io"
version = "0.3.17"
source = "registry+https://github.com/rust-lang/crates.io-index"
checksum = "522de2a0fe3e380f1bc577ba0474108faf3f6b18321dbf60b3b9c39a75073377"

[[package]]
name = "futures-macro"
version = "0.3.17"
source = "registry+https://github.com/rust-lang/crates.io-index"
checksum = "18e4a4b95cea4b4ccbcf1c5675ca7c4ee4e9e75eb79944d07defde18068f79bb"
dependencies = [
 "autocfg",
 "proc-macro-hack",
 "proc-macro2",
 "quote",
 "syn",
]

[[package]]
name = "futures-sink"
version = "0.3.17"
source = "registry+https://github.com/rust-lang/crates.io-index"
checksum = "36ea153c13024fe480590b3e3d4cad89a0cfacecc24577b68f86c6ced9c2bc11"

[[package]]
name = "futures-task"
version = "0.3.17"
source = "registry+https://github.com/rust-lang/crates.io-index"
checksum = "1d3d00f4eddb73e498a54394f228cd55853bdf059259e8e7bc6e69d408892e99"

[[package]]
name = "futures-util"
version = "0.3.17"
source = "registry+https://github.com/rust-lang/crates.io-index"
checksum = "36568465210a3a6ee45e1f165136d68671471a501e632e9a98d96872222b5481"
dependencies = [
 "autocfg",
 "futures-channel",
 "futures-core",
 "futures-io",
 "futures-macro",
 "futures-sink",
 "futures-task",
 "memchr",
 "pin-project-lite",
 "pin-utils",
 "proc-macro-hack",
 "proc-macro-nested",
 "slab",
]

[[package]]
name = "getrandom"
version = "0.2.3"
source = "registry+https://github.com/rust-lang/crates.io-index"
checksum = "7fcd999463524c52659517fe2cea98493cfe485d10565e7b0fb07dbba7ad2753"
dependencies = [
 "cfg-if",
 "libc",
 "wasi",
]

[[package]]
name = "hashbrown"
version = "0.11.2"
source = "registry+https://github.com/rust-lang/crates.io-index"
checksum = "ab5ef0d4909ef3724cc8cce6ccc8572c5c817592e9285f5464f8e86f8bd3726e"
dependencies = [
 "ahash",
]

[[package]]
name = "hashlink"
version = "0.7.0"
source = "registry+https://github.com/rust-lang/crates.io-index"
checksum = "7249a3129cbc1ffccd74857f81464a323a152173cdb134e0fd81bc803b29facf"
dependencies = [
 "hashbrown",
]

[[package]]
name = "ident_case"
version = "1.0.1"
source = "registry+https://github.com/rust-lang/crates.io-index"
checksum = "b9e0384b61958566e926dc50660321d12159025e767c18e043daf26b70104c39"

[[package]]
name = "libc"
version = "0.2.106"
source = "registry+https://github.com/rust-lang/crates.io-index"
checksum = "a60553f9a9e039a333b4e9b20573b9e9b9c0bb3a11e201ccc48ef4283456d673"

[[package]]
name = "libsqlite3-sys"
version = "0.23.1"
source = "registry+https://github.com/rust-lang/crates.io-index"
checksum = "abd5850c449b40bacb498b2bbdfaff648b1b055630073ba8db499caf2d0ea9f2"
dependencies = [
 "pkg-config",
 "vcpkg",
]

[[package]]
name = "markov"
version = "0.1.0"
dependencies = [
 "anyhow",
 "arrayvec",
 "cached",
 "rand",
 "rusqlite",
 "sql-builder",
]

[[package]]
name = "memchr"
version = "2.4.1"
source = "registry+https://github.com/rust-lang/crates.io-index"
checksum = "308cc39be01b73d0d18f82a0e7b2a3df85245f84af96fdddc5d202d27e47b86a"

[[package]]
name = "once_cell"
version = "1.8.0"
source = "registry+https://github.com/rust-lang/crates.io-index"
checksum = "692fcb63b64b1758029e0a96ee63e049ce8c5948587f2f7208df04625e5f6b56"

[[package]]
name = "pin-project-lite"
version = "0.2.7"
source = "registry+https://github.com/rust-lang/crates.io-index"
checksum = "8d31d11c69a6b52a174b42bdc0c30e5e11670f90788b2c471c31c1d17d449443"

[[package]]
name = "pin-utils"
version = "0.1.0"
source = "registry+https://github.com/rust-lang/crates.io-index"
checksum = "8b870d8c151b6f2fb93e84a13146138f05d02ed11c7e7c54f8826aaaf7c9f184"

[[package]]
name = "pkg-config"
version = "0.3.22"
source = "registry+https://github.com/rust-lang/crates.io-index"
checksum = "12295df4f294471248581bc09bef3c38a5e46f1e36d6a37353621a0c6c357e1f"

[[package]]
name = "ppv-lite86"
version = "0.2.15"
source = "registry+https://github.com/rust-lang/crates.io-index"
checksum = "ed0cfbc8191465bed66e1718596ee0b0b35d5ee1f41c5df2189d0fe8bde535ba"

[[package]]
name = "proc-macro-hack"
version = "0.5.19"
source = "registry+https://github.com/rust-lang/crates.io-index"
checksum = "dbf0c48bc1d91375ae5c3cd81e3722dff1abcf81a30960240640d223f59fe0e5"

[[package]]
name = "proc-macro-nested"
version = "0.1.7"
source = "registry+https://github.com/rust-lang/crates.io-index"
checksum = "bc881b2c22681370c6a780e47af9840ef841837bc98118431d4e1868bd0c1086"

[[package]]
name = "proc-macro2"
version = "1.0.32"
source = "registry+https://github.com/rust-lang/crates.io-index"
checksum = "ba508cc11742c0dc5c1659771673afbab7a0efab23aa17e854cbab0837ed0b43"
dependencies = [
 "unicode-xid",
]

[[package]]
name = "quote"
version = "1.0.10"
source = "registry+https://github.com/rust-lang/crates.io-index"
checksum = "38bc8cc6a5f2e3655e0899c1b848643b2562f853f114bfec7be120678e3ace05"
dependencies = [
 "proc-macro2",
]

[[package]]
name = "rand"
version = "0.8.4"
source = "registry+https://github.com/rust-lang/crates.io-index"
checksum = "2e7573632e6454cf6b99d7aac4ccca54be06da05aca2ef7423d22d27d4d4bcd8"
dependencies = [
 "libc",
 "rand_chacha",
 "rand_core",
 "rand_hc",
]

[[package]]
name = "rand_chacha"
version = "0.3.1"
source = "registry+https://github.com/rust-lang/crates.io-index"
checksum = "e6c10a63a0fa32252be49d21e7709d4d4baf8d231c2dbce1eaa8141b9b127d88"
dependencies = [
 "ppv-lite86",
 "rand_core",
]

[[package]]
name = "rand_core"
version = "0.6.3"
source = "registry+https://github.com/rust-lang/crates.io-index"
checksum = "d34f1408f55294453790c48b2f1ebbb1c5b4b7563eb1f418bcfcfdbb06ebb4e7"
dependencies = [
 "getrandom",
]

[[package]]
name = "rand_hc"
version = "0.3.1"
source = "registry+https://github.com/rust-lang/crates.io-index"
checksum = "d51e9f596de227fda2ea6c84607f5558e196eeaf43c986b724ba4fb8fdf497e7"
dependencies = [
 "rand_core",
]

[[package]]
name = "rusqlite"
version = "0.26.1"
source = "registry+https://github.com/rust-lang/crates.io-index"
checksum = "8a82b0b91fad72160c56bf8da7a549b25d7c31109f52cc1437eac4c0ad2550a7"
dependencies = [
 "bitflags",
 "fallible-iterator",
 "fallible-streaming-iterator",
 "hashlink",
 "libsqlite3-sys",
 "memchr",
 "smallvec",
]

[[package]]
name = "slab"
version = "0.4.5"
source = "registry+https://github.com/rust-lang/crates.io-index"
checksum = "9def91fd1e018fe007022791f865d0ccc9b3a0d5001e01aabb8b40e46000afb5"

[[package]]
name = "smallvec"
version = "1.7.0"
source = "registry+https://github.com/rust-lang/crates.io-index"
checksum = "1ecab6c735a6bb4139c0caafd0cc3635748bbb3acf4550e8138122099251f309"

[[package]]
name = "sql-builder"
version = "3.1.1"
source = "registry+https://github.com/rust-lang/crates.io-index"
checksum = "b1008d95d2ec2d062959352527be30e10fec42a1aa5e5a48d990a5ff0fb9bdc0"
dependencies = [
 "anyhow",
 "thiserror",
]

[[package]]
name = "strsim"
version = "0.10.0"
source = "registry+https://github.com/rust-lang/crates.io-index"
checksum = "73473c0e59e6d5812c5dfe2a064a6444949f089e20eec9a2e5506596494e4623"

[[package]]
name = "syn"
version = "1.0.81"
source = "registry+https://github.com/rust-lang/crates.io-index"
checksum = "f2afee18b8beb5a596ecb4a2dce128c719b4ba399d34126b9e4396e3f9860966"
dependencies = [
 "proc-macro2",
 "quote",
 "unicode-xid",
]

[[package]]
name = "thiserror"
version = "1.0.30"
source = "registry+https://github.com/rust-lang/crates.io-index"
checksum = "854babe52e4df1653706b98fcfc05843010039b406875930a70e4d9644e5c417"
dependencies = [
 "thiserror-impl",
]

[[package]]
name = "thiserror-impl"
version = "1.0.30"
source = "registry+https://github.com/rust-lang/crates.io-index"
checksum = "aa32fd3f627f367fe16f893e2597ae3c05020f8bba2666a4e6ea73d377e5714b"
dependencies = [
 "proc-macro2",
 "quote",
 "syn",
]

[[package]]
name = "unicode-xid"
version = "0.2.2"
source = "registry+https://github.com/rust-lang/crates.io-index"
checksum = "8ccb82d61f80a663efe1f787a51b16b5a51e3314d6ac365b08639f52387b33f3"

[[package]]
name = "vcpkg"
version = "0.2.15"
source = "registry+https://github.com/rust-lang/crates.io-index"
checksum = "accd4ea62f7bb7a82fe23066fb0957d48ef677f6eeb8215f372f52e48bb32426"

[[package]]
name = "version_check"
version = "0.9.3"
source = "registry+https://github.com/rust-lang/crates.io-index"
checksum = "5fecdca9a5291cc2b8dcf7dc02453fee791a280f3743cb0905f8822ae463b3fe"

[[package]]
name = "wasi"
version = "0.10.2+wasi-snapshot-preview1"
source = "registry+https://github.com/rust-lang/crates.io-index"
checksum = "fd6fbd9a79829dd1ad0cc20627bf1ed606756a7f77edff7b66b7064f9cb327c6"
